
Microsoft Visual Studio Solution File, Format Version 12.00
# Visual Studio 2013
VisualStudioVersion = 12.0.21005.1
MinimumVisualStudioVersion = 10.0.40219.1
Project("{FAE04EC0-301F-11D3-BF4B-00C04F79EFBC}") = "Tuquan.Web", "Tuquan.Web\Tuquan.Web.csproj", "{3C207D99-6FDF-4620-8C43-A64B05B7BE46}"
	ProjectSection(ProjectDependencies) = postProject
		{C0FCDF32-AD7A-4D55-B666-54A51215329A} = {C0FCDF32-AD7A-4D55-B666-54A51215329A}
		{82AD8E34-8EA8-401F-A385-043D42E364D4} = {82AD8E34-8EA8-401F-A385-043D42E364D4}
		{14BD9E76-9595-44FF-81EB-1A233D5A7690} = {14BD9E76-9595-44FF-81EB-1A233D5A7690}
	EndProjectSection
EndProject
Project("{FAE04EC0-301F-11D3-BF4B-00C04F79EFBC}") = "Tuquan.Common", "Tuquan.Common\Tuquan.Common.csproj", "{14BD9E76-9595-44FF-81EB-1A233D5A7690}"
EndProject
Project("{FAE04EC0-301F-11D3-BF4B-00C04F79EFBC}") = "Tuquan.Manager", "Tuquan.Manager\Tuquan.Manager.csproj", "{82AD8E34-8EA8-401F-A385-043D42E364D4}"
EndProject
Project("{FAE04EC0-301F-11D3-BF4B-00C04F79EFBC}") = "Tuquan.Model", "Tuquan.Model\Tuquan.Model.csproj", "{C0FCDF32-AD7A-4D55-B666-54A51215329A}"
EndProject
Global
	GlobalSection(SolutionConfigurationPlatforms) = preSolution
		Debug|Any CPU = Debug|Any CPU
		Release|Any CPU = Release|Any CPU
	EndGlobalSection
	GlobalSection(ProjectConfigurationPlatforms) = postSolution
		{3C207D99-6FDF-4620-8C43-A64B05B7BE46}.Debug|Any CPU.ActiveCfg = Debug|Any CPU
		{3C207D99-6FDF-4620-8C43-A64B05B7BE46}.Debug|Any CPU.Build.0 = Debug|Any CPU
		{3C207D99-6FDF-4620-8C43-A64B05B7BE46}.Release|Any CPU.ActiveCfg = Release|Any CPU
		{3C207D99-6FDF-4620-8C43-A64B05B7BE46}.Release|Any CPU.Build.0 = Release|Any CPU
		{14BD9E76-9595-44FF-81EB-1A233D5A7690}.Debug|Any CPU.ActiveCfg = Debug|Any CPU
		{14BD9E76-9595-44FF-81EB-1A233D5A7690}.Debug|Any CPU.Build.0 = Debug|Any CPU
		{14BD9E76-9595-44FF-81EB-1A233D5A7690}.Release|Any CPU.ActiveCfg = Release|Any CPU
		{14BD9E76-9595-44FF-81EB-1A233D5A7690}.Release|Any CPU.Build.0 = Release|Any CPU
		{82AD8E34-8EA8-401F-A385-043D42E364D4}.Debug|Any CPU.ActiveCfg = Debug|Any CPU
		{82AD8E34-8EA8-401F-A385-043D42E364D4}.Debug|Any CPU.Build.0 = Debug|Any CPU
		{82AD8E34-8EA8-401F-A385-043D42E364D4}.Release|Any CPU.ActiveCfg = Release|Any CPU
		{82AD8E34-8EA8-401F-A385-043D42E364D4}.Release|Any CPU.Build.0 = Release|Any CPU
		{C0FCDF32-AD7A-4D55-B666-54A51215329A}.Debug|Any CPU.ActiveCfg = Debug|Any CPU
		{C0FCDF32-AD7A-4D55-B666-54A51215329A}.Debug|Any CPU.Build.0 = Debug|Any CPU
		{C0FCDF32-AD7A-4D55-B666-54A51215329A}.Release|Any CPU.ActiveCfg = Release|Any CPU
		{C0FCDF32-AD7A-4D55-B666-54A51215329A}.Release|Any CPU.Build.0 = Release|Any CPU
	EndGlobalSection
	GlobalSection(SolutionProperties) = preSolution
		HideSolutionNode = FALSE
	EndGlobalSection
	GlobalSection(ExtensibilityGlobals) = postSolution
		SolutionGuid = {98C432B6-FFDB-4327-8B24-73BEBB36792E}
	EndGlobalSection
EndGlobal
